
Microsoft Visual Studio Solution File, Format Version 12.00
# Visual Studio Version 16
VisualStudioVersion = 16.0.32002.261
MinimumVisualStudioVersion = 10.0.40219.1
Project("{FAE04EC0-301F-11D3-BF4B-00C04F79EFBC}") = "QuanLyStudent", "QuanLyStudent\QuanLyStudent.csproj", "{8645E2B1-E464-4A55-A20D-69197B38A0F3}"
EndProject
Global
	GlobalSection(SolutionConfigurationPlatforms) = preSolution
		Debug|Any CPU = Debug|Any CPU
		Release|Any CPU = Release|Any CPU
	EndGlobalSection
	GlobalSection(ProjectConfigurationPlatforms) = postSolution
		{8645E2B1-E464-4A55-A20D-69197B38A0F3}.Debug|Any CPU.ActiveCfg = Debug|Any CPU
		{8645E2B1-E464-4A55-A20D-69197B38A0F3}.Debug|Any CPU.Build.0 = Debug|Any CPU
		{8645E2B1-E464-4A55-A20D-69197B38A0F3}.Release|Any CPU.ActiveCfg = Release|Any CPU
		{8645E2B1-E464-4A55-A20D-69197B38A0F3}.Release|Any CPU.Build.0 = Release|Any CPU
	EndGlobalSection
	GlobalSection(SolutionProperties) = preSolution
		HideSolutionNode = FALSE
	EndGlobalSection
	GlobalSection(ExtensibilityGlobals) = postSolution
		SolutionGuid = {A23CAA93-5061-4505-B259-1EA7F74BA4B4}
	EndGlobalSection
EndGlobal
